
Microsoft Visual Studio Solution File, Format Version 12.00
# Visual Studio 15
VisualStudioVersion = 15.0.27703.2042
MinimumVisualStudioVersion = 10.0.40219.1
Project("{9A19103F-16F7-4668-BE54-9A1E7A4F7556}") = "TestApp", "TestApp\TestApp.csproj", "{563CFCF7-88F5-4975-8005-38DEEA329E72}"
EndProject
Project("{FAE04EC0-301F-11D3-BF4B-00C04F79EFBC}") = "XUnitTestProject1", "XUnitTestProject1\XUnitTestProject1.csproj", "{134C0E8D-98EE-4F7C-B965-06C4C122764A}"
EndProject
Global
	GlobalSection(SolutionConfigurationPlatforms) = preSolution
		Debug|Any CPU = Debug|Any CPU
		Release|Any CPU = Release|Any CPU
	EndGlobalSection
	GlobalSection(ProjectConfigurationPlatforms) = postSolution
		{563CFCF7-88F5-4975-8005-38DEEA329E72}.Debug|Any CPU.ActiveCfg = Debug|Any CPU
		{563CFCF7-88F5-4975-8005-38DEEA329E72}.Debug|Any CPU.Build.0 = Debug|Any CPU
		{563CFCF7-88F5-4975-8005-38DEEA329E72}.Release|Any CPU.ActiveCfg = Release|Any CPU
		{563CFCF7-88F5-4975-8005-38DEEA329E72}.Release|Any CPU.Build.0 = Release|Any CPU
		{134C0E8D-98EE-4F7C-B965-06C4C122764A}.Debug|Any CPU.ActiveCfg = Debug|Any CPU
		{134C0E8D-98EE-4F7C-B965-06C4C122764A}.Debug|Any CPU.Build.0 = Debug|Any CPU
		{134C0E8D-98EE-4F7C-B965-06C4C122764A}.Release|Any CPU.ActiveCfg = Release|Any CPU
		{134C0E8D-98EE-4F7C-B965-06C4C122764A}.Release|Any CPU.Build.0 = Release|Any CPU
	EndGlobalSection
	GlobalSection(SolutionProperties) = preSolution
		HideSolutionNode = FALSE
	EndGlobalSection
	GlobalSection(ExtensibilityGlobals) = postSolution
		SolutionGuid = {E63075B5-8240-4F31-9BB2-4355BA3EBE42}
	EndGlobalSection
EndGlobal
